
Microsoft Visual Studio Solution File, Format Version 12.00
# Visual Studio Version 17
VisualStudioVersion = 17.4.33213.308
MinimumVisualStudioVersion = 10.0.40219.1
Project("{2150E333-8FDC-42A3-9474-1A3956D46DE8}") = "Source", "Source", "{CDBBE7A1-0F9B-4B81-AD2B-37F41DB55D2D}"
EndProject
Project("{2150E333-8FDC-42A3-9474-1A3956D46DE8}") = "Tests", "Tests", "{DE82E76C-6CF2-452A-8E68-4028FDAEE3BE}"
EndProject
Project("{9A19103F-16F7-4668-BE54-9A1E7A4F7556}") = "Domain", "Source\Domain\Domain.csproj", "{B887DF53-37BE-40FA-8AC7-51C473B3D294}"
EndProject
Project("{9A19103F-16F7-4668-BE54-9A1E7A4F7556}") = "Application", "Source\Application\Application.csproj", "{FD21C502-48C2-4F6A-8E48-75557A463A28}"
EndProject
Project("{9A19103F-16F7-4668-BE54-9A1E7A4F7556}") = "Infrastructure", "Source\Infrastructure\Infrastructure.csproj", "{E5592E00-EE2D-4B53-BF12-716DF35C6CF8}"
EndProject
Project("{9A19103F-16F7-4668-BE54-9A1E7A4F7556}") = "Infrastructure.Tests.Unit", "Tests\Infrastructure.Tests.Unit\Infrastructure.Tests.Unit.csproj", "{54DA52E3-ECAF-403A-80CB-DCE6463077AC}"
EndProject
Project("{9A19103F-16F7-4668-BE54-9A1E7A4F7556}") = "Infrastructure.Tests.Integration", "Tests\Infrastructure.Tests.Integration\Infrastructure.Tests.Integration.csproj", "{D7AECFD3-BA5C-46E0-B30E-72FDF766F853}"
EndProject
Project("{9A19103F-16F7-4668-BE54-9A1E7A4F7556}") = "Presentation.Api.Tests.Integration", "Tests\Presentation.Api.Tests.Integration\Presentation.Api.Tests.Integration.csproj", "{5EAAD26D-E979-444E-8246-1DBFC6B05FCA}"
EndProject
Project("{9A19103F-16F7-4668-BE54-9A1E7A4F7556}") = "Presentation.Api.Tests.Unit", "Tests\Presentation.Api.Tests.Unit\Presentation.Api.Tests.Unit.csproj", "{8422B2B2-2815-4644-8034-E2687313747A}"
EndProject
Project("{2150E333-8FDC-42A3-9474-1A3956D46DE8}") = "Presentation", "Presentation", "{38D8D778-FB32-4265-8F27-1601E8B36E9F}"
EndProject
Project("{9A19103F-16F7-4668-BE54-9A1E7A4F7556}") = "CryptoAutopilot.Api", "Source\Presentation\CryptoAutopilot.Api\CryptoAutopilot.Api.csproj", "{6C93A993-936F-433C-B3CA-A2E9045D335E}"
EndProject
Project("{9A19103F-16F7-4668-BE54-9A1E7A4F7556}") = "CryptoAutopilot.DataFunctions", "Source\Presentation\CryptoAutopilot.DataFunctions\CryptoAutopilot.DataFunctions.csproj", "{13B9C367-E62D-4FFB-8C11-CB3BEEDD65E7}"
EndProject
Project("{9A19103F-16F7-4668-BE54-9A1E7A4F7556}") = "CryptoAutopilot.Contracts", "Source\Presentation\CryptoAutopilot.Contracts\CryptoAutopilot.Contracts.csproj", "{01B68950-4E77-43A8-8BCF-2A0295668AD1}"
EndProject
Project("{FAE04EC0-301F-11D3-BF4B-00C04F79EFBC}") = "Strategies", "Source\Strategies\Strategies.csproj", "{DF67B2FF-1A7E-4868-859F-A9D0E13EA54F}"
EndProject
Project("{FAE04EC0-301F-11D3-BF4B-00C04F79EFBC}") = "Strategies.Tests.Unit", "Strategies.Tests.Unit\Strategies.Tests.Unit.csproj", "{43B712CC-ECDC-4F81-B97B-AA6452E877AE}"
EndProject
Global
	GlobalSection(SolutionConfigurationPlatforms) = preSolution
		Debug|Any CPU = Debug|Any CPU
		Release|Any CPU = Release|Any CPU
	EndGlobalSection
	GlobalSection(ProjectConfigurationPlatforms) = postSolution
		{B887DF53-37BE-40FA-8AC7-51C473B3D294}.Debug|Any CPU.ActiveCfg = Debug|Any CPU
		{B887DF53-37BE-40FA-8AC7-51C473B3D294}.Debug|Any CPU.Build.0 = Debug|Any CPU
		{B887DF53-37BE-40FA-8AC7-51C473B3D294}.Release|Any CPU.ActiveCfg = Release|Any CPU
		{B887DF53-37BE-40FA-8AC7-51C473B3D294}.Release|Any CPU.Build.0 = Release|Any CPU
		{FD21C502-48C2-4F6A-8E48-75557A463A28}.Debug|Any CPU.ActiveCfg = Debug|Any CPU
		{FD21C502-48C2-4F6A-8E48-75557A463A28}.Debug|Any CPU.Build.0 = Debug|Any CPU
		{FD21C502-48C2-4F6A-8E48-75557A463A28}.Release|Any CPU.ActiveCfg = Release|Any CPU
		{FD21C502-48C2-4F6A-8E48-75557A463A28}.Release|Any CPU.Build.0 = Release|Any CPU
		{E5592E00-EE2D-4B53-BF12-716DF35C6CF8}.Debug|Any CPU.ActiveCfg = Debug|Any CPU
		{E5592E00-EE2D-4B53-BF12-716DF35C6CF8}.Debug|Any CPU.Build.0 = Debug|Any CPU
		{E5592E00-EE2D-4B53-BF12-716DF35C6CF8}.Release|Any CPU.ActiveCfg = Release|Any CPU
		{E5592E00-EE2D-4B53-BF12-716DF35C6CF8}.Release|Any CPU.Build.0 = Release|Any CPU
		{54DA52E3-ECAF-403A-80CB-DCE6463077AC}.Debug|Any CPU.ActiveCfg = Debug|Any CPU
		{54DA52E3-ECAF-403A-80CB-DCE6463077AC}.Debug|Any CPU.Build.0 = Debug|Any CPU
		{54DA52E3-ECAF-403A-80CB-DCE6463077AC}.Release|Any CPU.ActiveCfg = Release|Any CPU
		{54DA52E3-ECAF-403A-80CB-DCE6463077AC}.Release|Any CPU.Build.0 = Release|Any CPU
		{D7AECFD3-BA5C-46E0-B30E-72FDF766F853}.Debug|Any CPU.ActiveCfg = Debug|Any CPU
		{D7AECFD3-BA5C-46E0-B30E-72FDF766F853}.Debug|Any CPU.Build.0 = Debug|Any CPU
		{D7AECFD3-BA5C-46E0-B30E-72FDF766F853}.Release|Any CPU.ActiveCfg = Release|Any CPU
		{D7AECFD3-BA5C-46E0-B30E-72FDF766F853}.Release|Any CPU.Build.0 = Release|Any CPU
		{5EAAD26D-E979-444E-8246-1DBFC6B05FCA}.Debug|Any CPU.ActiveCfg = Debug|Any CPU
		{5EAAD26D-E979-444E-8246-1DBFC6B05FCA}.Debug|Any CPU.Build.0 = Debug|Any CPU
		{5EAAD26D-E979-444E-8246-1DBFC6B05FCA}.Release|Any CPU.ActiveCfg = Release|Any CPU
		{5EAAD26D-E979-444E-8246-1DBFC6B05FCA}.Release|Any CPU.Build.0 = Release|Any CPU
		{8422B2B2-2815-4644-8034-E2687313747A}.Debug|Any CPU.ActiveCfg = Debug|Any CPU
		{8422B2B2-2815-4644-8034-E2687313747A}.Debug|Any CPU.Build.0 = Debug|Any CPU
		{8422B2B2-2815-4644-8034-E2687313747A}.Release|Any CPU.ActiveCfg = Release|Any CPU
		{8422B2B2-2815-4644-8034-E2687313747A}.Release|Any CPU.Build.0 = Release|Any CPU
		{6C93A993-936F-433C-B3CA-A2E9045D335E}.Debug|Any CPU.ActiveCfg = Debug|Any CPU
		{6C93A993-936F-433C-B3CA-A2E9045D335E}.Debug|Any CPU.Build.0 = Debug|Any CPU
		{6C93A993-936F-433C-B3CA-A2E9045D335E}.Release|Any CPU.ActiveCfg = Release|Any CPU
		{6C93A993-936F-433C-B3CA-A2E9045D335E}.Release|Any CPU.Build.0 = Release|Any CPU
		{13B9C367-E62D-4FFB-8C11-CB3BEEDD65E7}.Debug|Any CPU.ActiveCfg = Debug|Any CPU
		{13B9C367-E62D-4FFB-8C11-CB3BEEDD65E7}.Debug|Any CPU.Build.0 = Debug|Any CPU
		{13B9C367-E62D-4FFB-8C11-CB3BEEDD65E7}.Release|Any CPU.ActiveCfg = Release|Any CPU
		{13B9C367-E62D-4FFB-8C11-CB3BEEDD65E7}.Release|Any CPU.Build.0 = Release|Any CPU
		{01B68950-4E77-43A8-8BCF-2A0295668AD1}.Debug|Any CPU.ActiveCfg = Debug|Any CPU
		{01B68950-4E77-43A8-8BCF-2A0295668AD1}.Debug|Any CPU.Build.0 = Debug|Any CPU
		{01B68950-4E77-43A8-8BCF-2A0295668AD1}.Release|Any CPU.ActiveCfg = Release|Any CPU
		{01B68950-4E77-43A8-8BCF-2A0295668AD1}.Release|Any CPU.Build.0 = Release|Any CPU
		{DF67B2FF-1A7E-4868-859F-A9D0E13EA54F}.Debug|Any CPU.ActiveCfg = Debug|Any CPU
		{DF67B2FF-1A7E-4868-859F-A9D0E13EA54F}.Debug|Any CPU.Build.0 = Debug|Any CPU
		{DF67B2FF-1A7E-4868-859F-A9D0E13EA54F}.Release|Any CPU.ActiveCfg = Release|Any CPU
		{DF67B2FF-1A7E-4868-859F-A9D0E13EA54F}.Release|Any CPU.Build.0 = Release|Any CPU
		{43B712CC-ECDC-4F81-B97B-AA6452E877AE}.Debug|Any CPU.ActiveCfg = Debug|Any CPU
		{43B712CC-ECDC-4F81-B97B-AA6452E877AE}.Debug|Any CPU.Build.0 = Debug|Any CPU
		{43B712CC-ECDC-4F81-B97B-AA6452E877AE}.Release|Any CPU.ActiveCfg = Release|Any CPU
		{43B712CC-ECDC-4F81-B97B-AA6452E877AE}.Release|Any CPU.Build.0 = Release|Any CPU
	EndGlobalSection
	GlobalSection(SolutionProperties) = preSolution
		HideSolutionNode = FALSE
	EndGlobalSection
	GlobalSection(NestedProjects) = preSolution
		{B887DF53-37BE-40FA-8AC7-51C473B3D294} = {CDBBE7A1-0F9B-4B81-AD2B-37F41DB55D2D}
		{FD21C502-48C2-4F6A-8E48-75557A463A28} = {CDBBE7A1-0F9B-4B81-AD2B-37F41DB55D2D}
		{E5592E00-EE2D-4B53-BF12-716DF35C6CF8} = {CDBBE7A1-0F9B-4B81-AD2B-37F41DB55D2D}
		{54DA52E3-ECAF-403A-80CB-DCE6463077AC} = {DE82E76C-6CF2-452A-8E68-4028FDAEE3BE}
		{D7AECFD3-BA5C-46E0-B30E-72FDF766F853} = {DE82E76C-6CF2-452A-8E68-4028FDAEE3BE}
		{5EAAD26D-E979-444E-8246-1DBFC6B05FCA} = {DE82E76C-6CF2-452A-8E68-4028FDAEE3BE}
		{8422B2B2-2815-4644-8034-E2687313747A} = {DE82E76C-6CF2-452A-8E68-4028FDAEE3BE}
		{38D8D778-FB32-4265-8F27-1601E8B36E9F} = {CDBBE7A1-0F9B-4B81-AD2B-37F41DB55D2D}
		{6C93A993-936F-433C-B3CA-A2E9045D335E} = {38D8D778-FB32-4265-8F27-1601E8B36E9F}
		{13B9C367-E62D-4FFB-8C11-CB3BEEDD65E7} = {38D8D778-FB32-4265-8F27-1601E8B36E9F}
		{01B68950-4E77-43A8-8BCF-2A0295668AD1} = {38D8D778-FB32-4265-8F27-1601E8B36E9F}
		{DF67B2FF-1A7E-4868-859F-A9D0E13EA54F} = {CDBBE7A1-0F9B-4B81-AD2B-37F41DB55D2D}
		{43B712CC-ECDC-4F81-B97B-AA6452E877AE} = {DE82E76C-6CF2-452A-8E68-4028FDAEE3BE}
	EndGlobalSection
	GlobalSection(ExtensibilityGlobals) = postSolution
		SolutionGuid = {A4C812BD-00F6-4D22-A520-D14559F1176B}
	EndGlobalSection
EndGlobal
